
Microsoft Visual Studio Solution File, Format Version 12.00
# Visual Studio 15
VisualStudioVersion = 15.0.27130.2010
MinimumVisualStudioVersion = 10.0.40219.1
Project("{FAE04EC0-301F-11D3-BF4B-00C04F79EFBC}") = "ConsoleAppClient", "ConsoleApp1\ConsoleAppClient.csproj", "{6F124F59-A6F5-487E-A10D-9FC3340F9C5B}"
EndProject
Project("{FAE04EC0-301F-11D3-BF4B-00C04F79EFBC}") = "Constans.DB.Repository", "Constans.DBRepo\Constans.DB.Repository.csproj", "{5108C524-8224-492F-A352-C2BDC270857F}"
EndProject
Project("{FAE04EC0-301F-11D3-BF4B-00C04F79EFBC}") = "Dapper.DB.Repository", "DB.Repository\Dapper.DB.Repository.csproj", "{95E40C5F-A673-450F-94BF-7BB2B3F1D680}"
EndProject
Project("{FAE04EC0-301F-11D3-BF4B-00C04F79EFBC}") = "AutoFacTest", "AutoFacTest\AutoFacTest.csproj", "{689CFAE2-7B28-4947-BFA5-CEF8C23E7B82}"
EndProject
Project("{FAE04EC0-301F-11D3-BF4B-00C04F79EFBC}") = "Permission.Service", "Service\Permission.Service.csproj", "{32CFA13E-EA3C-447C-B856-7A3196CC4A02}"
EndProject
Project("{FAE04EC0-301F-11D3-BF4B-00C04F79EFBC}") = "Permission.Infrastructure", "Infrastructure\Permission.Infrastructure.csproj", "{0CBF942F-64FF-43CF-B876-E04FF7F330FC}"
EndProject
Project("{2150E333-8FDC-42A3-9474-1A3956D46DE8}") = "Repository", "Repository", "{44344EB5-1155-4A10-9521-1E3446A5BA25}"
EndProject
Project("{2150E333-8FDC-42A3-9474-1A3956D46DE8}") = "src", "src", "{9E4BA252-4050-4CCA-BC04-6EE8DBBFCA17}"
EndProject
Project("{2150E333-8FDC-42A3-9474-1A3956D46DE8}") = "tests", "tests", "{CFAC232A-BABE-480B-80D8-9691D8652263}"
EndProject
Project("{2150E333-8FDC-42A3-9474-1A3956D46DE8}") = "Infrastructure", "Infrastructure", "{6B015B87-4FBC-4ADF-B201-2CB5F2F3615C}"
EndProject
Project("{2150E333-8FDC-42A3-9474-1A3956D46DE8}") = "DTO", "DTO", "{4A8CDAFE-CB96-49E1-BF9E-FC6D9F11B5BD}"
EndProject
Project("{2150E333-8FDC-42A3-9474-1A3956D46DE8}") = "Core", "Core", "{0B133F8B-0876-4429-97B5-F6BAD479A3C5}"
EndProject
Project("{FAE04EC0-301F-11D3-BF4B-00C04F79EFBC}") = "Domain", "Domain\Domain.csproj", "{51869727-A191-46A2-8B32-9C145E0BC14D}"
EndProject
Project("{FAE04EC0-301F-11D3-BF4B-00C04F79EFBC}") = "Permission.IRepositories", "Repositories\Permission.IRepositories.csproj", "{8C756DC2-04F3-48E4-8759-8DFFBB823D0D}"
EndProject
Project("{2150E333-8FDC-42A3-9474-1A3956D46DE8}") = "PresentationLayer", "PresentationLayer", "{1095562B-F6BE-4E99-9A70-BBCE1E5DDB1C}"
EndProject
Project("{2150E333-8FDC-42A3-9474-1A3956D46DE8}") = "DataAccesLayer", "DataAccesLayer", "{736186D0-3F43-410A-BFD9-358E888C897E}"
EndProject
Project("{FAE04EC0-301F-11D3-BF4B-00C04F79EFBC}") = "DataTransferObject", "DataTransferObject\DataTransferObject.csproj", "{9C93F472-F173-4E9F-A635-988CD99E8449}"
EndProject
Project("{FAE04EC0-301F-11D3-BF4B-00C04F79EFBC}") = "Permission.Repositories", "Permission.Repositories\Permission.Repositories.csproj", "{1CC6BB19-2E64-4BA5-A950-5C3F81B6A366}"
EndProject
Project("{FAE04EC0-301F-11D3-BF4B-00C04F79EFBC}") = "Mapper", "Mapper\Mapper.csproj", "{FCA92782-DF55-4F9F-9067-7B49CB73C9F7}"
EndProject
Global
	GlobalSection(SolutionConfigurationPlatforms) = preSolution
		Debug|Any CPU = Debug|Any CPU
		Release|Any CPU = Release|Any CPU
	EndGlobalSection
	GlobalSection(ProjectConfigurationPlatforms) = postSolution
		{6F124F59-A6F5-487E-A10D-9FC3340F9C5B}.Debug|Any CPU.ActiveCfg = Debug|Any CPU
		{6F124F59-A6F5-487E-A10D-9FC3340F9C5B}.Debug|Any CPU.Build.0 = Debug|Any CPU
		{6F124F59-A6F5-487E-A10D-9FC3340F9C5B}.Release|Any CPU.ActiveCfg = Release|Any CPU
		{6F124F59-A6F5-487E-A10D-9FC3340F9C5B}.Release|Any CPU.Build.0 = Release|Any CPU
		{5108C524-8224-492F-A352-C2BDC270857F}.Debug|Any CPU.ActiveCfg = Debug|Any CPU
		{5108C524-8224-492F-A352-C2BDC270857F}.Debug|Any CPU.Build.0 = Debug|Any CPU
		{5108C524-8224-492F-A352-C2BDC270857F}.Release|Any CPU.ActiveCfg = Release|Any CPU
		{5108C524-8224-492F-A352-C2BDC270857F}.Release|Any CPU.Build.0 = Release|Any CPU
		{95E40C5F-A673-450F-94BF-7BB2B3F1D680}.Debug|Any CPU.ActiveCfg = Debug|Any CPU
		{95E40C5F-A673-450F-94BF-7BB2B3F1D680}.Debug|Any CPU.Build.0 = Debug|Any CPU
		{95E40C5F-A673-450F-94BF-7BB2B3F1D680}.Release|Any CPU.ActiveCfg = Release|Any CPU
		{95E40C5F-A673-450F-94BF-7BB2B3F1D680}.Release|Any CPU.Build.0 = Release|Any CPU
		{689CFAE2-7B28-4947-BFA5-CEF8C23E7B82}.Debug|Any CPU.ActiveCfg = Debug|Any CPU
		{689CFAE2-7B28-4947-BFA5-CEF8C23E7B82}.Debug|Any CPU.Build.0 = Debug|Any CPU
		{689CFAE2-7B28-4947-BFA5-CEF8C23E7B82}.Release|Any CPU.ActiveCfg = Release|Any CPU
		{689CFAE2-7B28-4947-BFA5-CEF8C23E7B82}.Release|Any CPU.Build.0 = Release|Any CPU
		{32CFA13E-EA3C-447C-B856-7A3196CC4A02}.Debug|Any CPU.ActiveCfg = Debug|Any CPU
		{32CFA13E-EA3C-447C-B856-7A3196CC4A02}.Debug|Any CPU.Build.0 = Debug|Any CPU
		{32CFA13E-EA3C-447C-B856-7A3196CC4A02}.Release|Any CPU.ActiveCfg = Release|Any CPU
		{32CFA13E-EA3C-447C-B856-7A3196CC4A02}.Release|Any CPU.Build.0 = Release|Any CPU
		{0CBF942F-64FF-43CF-B876-E04FF7F330FC}.Debug|Any CPU.ActiveCfg = Debug|Any CPU
		{0CBF942F-64FF-43CF-B876-E04FF7F330FC}.Debug|Any CPU.Build.0 = Debug|Any CPU
		{0CBF942F-64FF-43CF-B876-E04FF7F330FC}.Release|Any CPU.ActiveCfg = Release|Any CPU
		{0CBF942F-64FF-43CF-B876-E04FF7F330FC}.Release|Any CPU.Build.0 = Release|Any CPU
		{51869727-A191-46A2-8B32-9C145E0BC14D}.Debug|Any CPU.ActiveCfg = Debug|Any CPU
		{51869727-A191-46A2-8B32-9C145E0BC14D}.Debug|Any CPU.Build.0 = Debug|Any CPU
		{51869727-A191-46A2-8B32-9C145E0BC14D}.Release|Any CPU.ActiveCfg = Release|Any CPU
		{51869727-A191-46A2-8B32-9C145E0BC14D}.Release|Any CPU.Build.0 = Release|Any CPU
		{8C756DC2-04F3-48E4-8759-8DFFBB823D0D}.Debug|Any CPU.ActiveCfg = Debug|Any CPU
		{8C756DC2-04F3-48E4-8759-8DFFBB823D0D}.Debug|Any CPU.Build.0 = Debug|Any CPU
		{8C756DC2-04F3-48E4-8759-8DFFBB823D0D}.Release|Any CPU.ActiveCfg = Release|Any CPU
		{8C756DC2-04F3-48E4-8759-8DFFBB823D0D}.Release|Any CPU.Build.0 = Release|Any CPU
		{9C93F472-F173-4E9F-A635-988CD99E8449}.Debug|Any CPU.ActiveCfg = Debug|Any CPU
		{9C93F472-F173-4E9F-A635-988CD99E8449}.Debug|Any CPU.Build.0 = Debug|Any CPU
		{9C93F472-F173-4E9F-A635-988CD99E8449}.Release|Any CPU.ActiveCfg = Release|Any CPU
		{9C93F472-F173-4E9F-A635-988CD99E8449}.Release|Any CPU.Build.0 = Release|Any CPU
		{1CC6BB19-2E64-4BA5-A950-5C3F81B6A366}.Debug|Any CPU.ActiveCfg = Debug|Any CPU
		{1CC6BB19-2E64-4BA5-A950-5C3F81B6A366}.Debug|Any CPU.Build.0 = Debug|Any CPU
		{1CC6BB19-2E64-4BA5-A950-5C3F81B6A366}.Release|Any CPU.ActiveCfg = Release|Any CPU
		{1CC6BB19-2E64-4BA5-A950-5C3F81B6A366}.Release|Any CPU.Build.0 = Release|Any CPU
		{FCA92782-DF55-4F9F-9067-7B49CB73C9F7}.Debug|Any CPU.ActiveCfg = Debug|Any CPU
		{FCA92782-DF55-4F9F-9067-7B49CB73C9F7}.Debug|Any CPU.Build.0 = Debug|Any CPU
		{FCA92782-DF55-4F9F-9067-7B49CB73C9F7}.Release|Any CPU.ActiveCfg = Release|Any CPU
		{FCA92782-DF55-4F9F-9067-7B49CB73C9F7}.Release|Any CPU.Build.0 = Release|Any CPU
	EndGlobalSection
	GlobalSection(SolutionProperties) = preSolution
		HideSolutionNode = FALSE
	EndGlobalSection
	GlobalSection(NestedProjects) = preSolution
		{6F124F59-A6F5-487E-A10D-9FC3340F9C5B} = {1095562B-F6BE-4E99-9A70-BBCE1E5DDB1C}
		{5108C524-8224-492F-A352-C2BDC270857F} = {736186D0-3F43-410A-BFD9-358E888C897E}
		{95E40C5F-A673-450F-94BF-7BB2B3F1D680} = {736186D0-3F43-410A-BFD9-358E888C897E}
		{689CFAE2-7B28-4947-BFA5-CEF8C23E7B82} = {CFAC232A-BABE-480B-80D8-9691D8652263}
		{32CFA13E-EA3C-447C-B856-7A3196CC4A02} = {6B015B87-4FBC-4ADF-B201-2CB5F2F3615C}
		{0CBF942F-64FF-43CF-B876-E04FF7F330FC} = {6B015B87-4FBC-4ADF-B201-2CB5F2F3615C}
		{44344EB5-1155-4A10-9521-1E3446A5BA25} = {6B015B87-4FBC-4ADF-B201-2CB5F2F3615C}
		{6B015B87-4FBC-4ADF-B201-2CB5F2F3615C} = {9E4BA252-4050-4CCA-BC04-6EE8DBBFCA17}
		{4A8CDAFE-CB96-49E1-BF9E-FC6D9F11B5BD} = {6B015B87-4FBC-4ADF-B201-2CB5F2F3615C}
		{0B133F8B-0876-4429-97B5-F6BAD479A3C5} = {9E4BA252-4050-4CCA-BC04-6EE8DBBFCA17}
		{51869727-A191-46A2-8B32-9C145E0BC14D} = {0B133F8B-0876-4429-97B5-F6BAD479A3C5}
		{8C756DC2-04F3-48E4-8759-8DFFBB823D0D} = {0B133F8B-0876-4429-97B5-F6BAD479A3C5}
		{1095562B-F6BE-4E99-9A70-BBCE1E5DDB1C} = {9E4BA252-4050-4CCA-BC04-6EE8DBBFCA17}
		{736186D0-3F43-410A-BFD9-358E888C897E} = {4A8CDAFE-CB96-49E1-BF9E-FC6D9F11B5BD}
		{9C93F472-F173-4E9F-A635-988CD99E8449} = {4A8CDAFE-CB96-49E1-BF9E-FC6D9F11B5BD}
		{1CC6BB19-2E64-4BA5-A950-5C3F81B6A366} = {44344EB5-1155-4A10-9521-1E3446A5BA25}
		{FCA92782-DF55-4F9F-9067-7B49CB73C9F7} = {6B015B87-4FBC-4ADF-B201-2CB5F2F3615C}
	EndGlobalSection
	GlobalSection(ExtensibilityGlobals) = postSolution
		SolutionGuid = {2380FD99-ED08-4B6D-8C91-C69415533031}
	EndGlobalSection
EndGlobal
