
Microsoft Visual Studio Solution File, Format Version 12.00
# Visual Studio 15
VisualStudioVersion = 15.0.27130.2010
MinimumVisualStudioVersion = 10.0.40219.1
Project("{FAE04EC0-301F-11D3-BF4B-00C04F79EFBC}") = "Dapper.Client", "ConsoleApp1\Dapper.Client.csproj", "{6F124F59-A6F5-487E-A10D-9FC3340F9C5B}"
EndProject
Project("{FAE04EC0-301F-11D3-BF4B-00C04F79EFBC}") = "Constans.DB.Repository", "Constans.DBRepo\Constans.DB.Repository.csproj", "{5108C524-8224-492F-A352-C2BDC270857F}"
EndProject
Project("{FAE04EC0-301F-11D3-BF4B-00C04F79EFBC}") = "Dapper.DB.Repository", "DB.Repository\Dapper.DB.Repository.csproj", "{95E40C5F-A673-450F-94BF-7BB2B3F1D680}"
EndProject
Project("{9A19103F-16F7-4668-BE54-9A1E7A4F7556}") = "Dapper.Services", "Services\Dapper.Services.csproj", "{6E84A996-37E1-41C4-A4F6-19FB76CEC526}"
EndProject
Project("{FAE04EC0-301F-11D3-BF4B-00C04F79EFBC}") = "AutoFacTest", "AutoFacTest\AutoFacTest.csproj", "{689CFAE2-7B28-4947-BFA5-CEF8C23E7B82}"
EndProject
Global
	GlobalSection(SolutionConfigurationPlatforms) = preSolution
		Debug|Any CPU = Debug|Any CPU
		Release|Any CPU = Release|Any CPU
	EndGlobalSection
	GlobalSection(ProjectConfigurationPlatforms) = postSolution
		{6F124F59-A6F5-487E-A10D-9FC3340F9C5B}.Debug|Any CPU.ActiveCfg = Debug|Any CPU
		{6F124F59-A6F5-487E-A10D-9FC3340F9C5B}.Debug|Any CPU.Build.0 = Debug|Any CPU
		{6F124F59-A6F5-487E-A10D-9FC3340F9C5B}.Release|Any CPU.ActiveCfg = Release|Any CPU
		{6F124F59-A6F5-487E-A10D-9FC3340F9C5B}.Release|Any CPU.Build.0 = Release|Any CPU
		{5108C524-8224-492F-A352-C2BDC270857F}.Debug|Any CPU.ActiveCfg = Debug|Any CPU
		{5108C524-8224-492F-A352-C2BDC270857F}.Debug|Any CPU.Build.0 = Debug|Any CPU
		{5108C524-8224-492F-A352-C2BDC270857F}.Release|Any CPU.ActiveCfg = Release|Any CPU
		{5108C524-8224-492F-A352-C2BDC270857F}.Release|Any CPU.Build.0 = Release|Any CPU
		{95E40C5F-A673-450F-94BF-7BB2B3F1D680}.Debug|Any CPU.ActiveCfg = Debug|Any CPU
		{95E40C5F-A673-450F-94BF-7BB2B3F1D680}.Debug|Any CPU.Build.0 = Debug|Any CPU
		{95E40C5F-A673-450F-94BF-7BB2B3F1D680}.Release|Any CPU.ActiveCfg = Release|Any CPU
		{95E40C5F-A673-450F-94BF-7BB2B3F1D680}.Release|Any CPU.Build.0 = Release|Any CPU
		{6E84A996-37E1-41C4-A4F6-19FB76CEC526}.Debug|Any CPU.ActiveCfg = Debug|Any CPU
		{6E84A996-37E1-41C4-A4F6-19FB76CEC526}.Debug|Any CPU.Build.0 = Debug|Any CPU
		{6E84A996-37E1-41C4-A4F6-19FB76CEC526}.Release|Any CPU.ActiveCfg = Release|Any CPU
		{6E84A996-37E1-41C4-A4F6-19FB76CEC526}.Release|Any CPU.Build.0 = Release|Any CPU
		{689CFAE2-7B28-4947-BFA5-CEF8C23E7B82}.Debug|Any CPU.ActiveCfg = Debug|Any CPU
		{689CFAE2-7B28-4947-BFA5-CEF8C23E7B82}.Debug|Any CPU.Build.0 = Debug|Any CPU
		{689CFAE2-7B28-4947-BFA5-CEF8C23E7B82}.Release|Any CPU.ActiveCfg = Release|Any CPU
		{689CFAE2-7B28-4947-BFA5-CEF8C23E7B82}.Release|Any CPU.Build.0 = Release|Any CPU
	EndGlobalSection
	GlobalSection(SolutionProperties) = preSolution
		HideSolutionNode = FALSE
	EndGlobalSection
	GlobalSection(ExtensibilityGlobals) = postSolution
		SolutionGuid = {2380FD99-ED08-4B6D-8C91-C69415533031}
	EndGlobalSection
EndGlobal
